
Microsoft Visual Studio Solution File, Format Version 12.00
# Visual Studio Version 17
VisualStudioVersion = 17.13.35913.81 d17.13
MinimumVisualStudioVersion = 10.0.40219.1
Project("{FAE04EC0-301F-11D3-BF4B-00C04F79EFBC}") = "eMuhasebeServer.Application", "eMuhasebeServer.Application\eMuhasebeServer.Application.csproj", "{852C7B09-7A04-44DD-8E33-062114105766}"
EndProject
Project("{FAE04EC0-301F-11D3-BF4B-00C04F79EFBC}") = "eMuhasebeServer.Domain", "eMuhasebeServer.Domain\eMuhasebeServer.Domain.csproj", "{385DF3AA-A306-48E2-A50E-360222EFB7E0}"
EndProject
Project("{FAE04EC0-301F-11D3-BF4B-00C04F79EFBC}") = "eMuhasebeServer.Infrastructure", "eMuhasebeServer.Infrastructure\eMuhasebeServer.Infrastructure.csproj", "{2BDEE79F-E054-4971-B199-D75FE4F0CAB5}"
EndProject
Project("{FAE04EC0-301F-11D3-BF4B-00C04F79EFBC}") = "eMuhasebeServer.WebAPI", "eMuhasebeServer.WebAPI\eMuhasebeServer.WebAPI.csproj", "{13E4B116-A87A-4A56-AE67-718AE9CC78CB}"
EndProject
Global
	GlobalSection(SolutionConfigurationPlatforms) = preSolution
		Debug|Any CPU = Debug|Any CPU
		Release|Any CPU = Release|Any CPU
	EndGlobalSection
	GlobalSection(ProjectConfigurationPlatforms) = postSolution
		{852C7B09-7A04-44DD-8E33-062114105766}.Debug|Any CPU.ActiveCfg = Debug|Any CPU
		{852C7B09-7A04-44DD-8E33-062114105766}.Debug|Any CPU.Build.0 = Debug|Any CPU
		{852C7B09-7A04-44DD-8E33-062114105766}.Release|Any CPU.ActiveCfg = Release|Any CPU
		{852C7B09-7A04-44DD-8E33-062114105766}.Release|Any CPU.Build.0 = Release|Any CPU
		{385DF3AA-A306-48E2-A50E-360222EFB7E0}.Debug|Any CPU.ActiveCfg = Debug|Any CPU
		{385DF3AA-A306-48E2-A50E-360222EFB7E0}.Debug|Any CPU.Build.0 = Debug|Any CPU
		{385DF3AA-A306-48E2-A50E-360222EFB7E0}.Release|Any CPU.ActiveCfg = Release|Any CPU
		{385DF3AA-A306-48E2-A50E-360222EFB7E0}.Release|Any CPU.Build.0 = Release|Any CPU
		{2BDEE79F-E054-4971-B199-D75FE4F0CAB5}.Debug|Any CPU.ActiveCfg = Debug|Any CPU
		{2BDEE79F-E054-4971-B199-D75FE4F0CAB5}.Debug|Any CPU.Build.0 = Debug|Any CPU
		{2BDEE79F-E054-4971-B199-D75FE4F0CAB5}.Release|Any CPU.ActiveCfg = Release|Any CPU
		{2BDEE79F-E054-4971-B199-D75FE4F0CAB5}.Release|Any CPU.Build.0 = Release|Any CPU
		{13E4B116-A87A-4A56-AE67-718AE9CC78CB}.Debug|Any CPU.ActiveCfg = Debug|Any CPU
		{13E4B116-A87A-4A56-AE67-718AE9CC78CB}.Debug|Any CPU.Build.0 = Debug|Any CPU
		{13E4B116-A87A-4A56-AE67-718AE9CC78CB}.Release|Any CPU.ActiveCfg = Release|Any CPU
		{13E4B116-A87A-4A56-AE67-718AE9CC78CB}.Release|Any CPU.Build.0 = Release|Any CPU
	EndGlobalSection
	GlobalSection(SolutionProperties) = preSolution
		HideSolutionNode = FALSE
	EndGlobalSection
	GlobalSection(ExtensibilityGlobals) = postSolution
		SolutionGuid = {D391AF23-4DE2-4915-AAE5-6C7F8E1BF14B}
	EndGlobalSection
EndGlobal
